
Microsoft Visual Studio Solution File, Format Version 12.00
# Visual Studio 15
VisualStudioVersion = 15.0.27004.2010
MinimumVisualStudioVersion = 10.0.40219.1
Project("{FAE04EC0-301F-11D3-BF4B-00C04F79EFBC}") = "ToDoRepository", "ToDoRepository\ToDoRepository.csproj", "{699F9471-4F8E-4E3C-8C71-A457CA435DB7}"
EndProject
Project("{9A19103F-16F7-4668-BE54-9A1E7A4F7556}") = "WebApplication", "WebApplication\WebApplication.csproj", "{2E946D78-0AC7-4435-8CAF-B6716F27607B}"
EndProject
Global
	GlobalSection(SolutionConfigurationPlatforms) = preSolution
		Debug|Any CPU = Debug|Any CPU
		Release|Any CPU = Release|Any CPU
	EndGlobalSection
	GlobalSection(ProjectConfigurationPlatforms) = postSolution
		{699F9471-4F8E-4E3C-8C71-A457CA435DB7}.Debug|Any CPU.ActiveCfg = Debug|Any CPU
		{699F9471-4F8E-4E3C-8C71-A457CA435DB7}.Debug|Any CPU.Build.0 = Debug|Any CPU
		{699F9471-4F8E-4E3C-8C71-A457CA435DB7}.Release|Any CPU.ActiveCfg = Release|Any CPU
		{699F9471-4F8E-4E3C-8C71-A457CA435DB7}.Release|Any CPU.Build.0 = Release|Any CPU
		{2E946D78-0AC7-4435-8CAF-B6716F27607B}.Debug|Any CPU.ActiveCfg = Debug|Any CPU
		{2E946D78-0AC7-4435-8CAF-B6716F27607B}.Debug|Any CPU.Build.0 = Debug|Any CPU
		{2E946D78-0AC7-4435-8CAF-B6716F27607B}.Release|Any CPU.ActiveCfg = Release|Any CPU
		{2E946D78-0AC7-4435-8CAF-B6716F27607B}.Release|Any CPU.Build.0 = Release|Any CPU
	EndGlobalSection
	GlobalSection(SolutionProperties) = preSolution
		HideSolutionNode = FALSE
	EndGlobalSection
	GlobalSection(ExtensibilityGlobals) = postSolution
		SolutionGuid = {1A282D9C-7A82-43EA-9FB2-697B8281BB9C}
	EndGlobalSection
EndGlobal
